
Microsoft Visual Studio Solution File, Format Version 12.00
# Visual Studio Version 17
VisualStudioVersion = 17.4.33403.182
MinimumVisualStudioVersion = 10.0.40219.1
Project("{FAE04EC0-301F-11D3-BF4B-00C04F79EFBC}") = "SpecFlowProject2", "SpecFlowProject2\SpecFlowProject2.csproj", "{D4EAEA4A-B558-4ACB-B277-F7F6A1818A47}"
EndProject
Global
	GlobalSection(SolutionConfigurationPlatforms) = preSolution
		Debug|Any CPU = Debug|Any CPU
		Release|Any CPU = Release|Any CPU
	EndGlobalSection
	GlobalSection(ProjectConfigurationPlatforms) = postSolution
		{D4EAEA4A-B558-4ACB-B277-F7F6A1818A47}.Debug|Any CPU.ActiveCfg = Debug|Any CPU
		{D4EAEA4A-B558-4ACB-B277-F7F6A1818A47}.Debug|Any CPU.Build.0 = Debug|Any CPU
		{D4EAEA4A-B558-4ACB-B277-F7F6A1818A47}.Release|Any CPU.ActiveCfg = Release|Any CPU
		{D4EAEA4A-B558-4ACB-B277-F7F6A1818A47}.Release|Any CPU.Build.0 = Release|Any CPU
	EndGlobalSection
	GlobalSection(SolutionProperties) = preSolution
		HideSolutionNode = FALSE
	EndGlobalSection
	GlobalSection(ExtensibilityGlobals) = postSolution
		SolutionGuid = {842E8899-1C76-4C97-963A-514B85C20C45}
	EndGlobalSection
EndGlobal
