
Microsoft Visual Studio Solution File, Format Version 12.00
# Visual Studio Version 17
VisualStudioVersion = 17.3.32819.101
MinimumVisualStudioVersion = 10.0.40219.1
Project("{9A19103F-16F7-4668-BE54-9A1E7A4F7556}") = "BookStore", "BookStore\BookStore.csproj", "{7AE095FA-05D8-4862-AE31-A636DC9567D3}"
EndProject
Project("{FAE04EC0-301F-11D3-BF4B-00C04F79EFBC}") = "BookStore.BL", "BookStore.BL\BookStore.BL.csproj", "{9B2E41FB-3C6A-49D0-A09B-2C8EDE93C84B}"
EndProject
Project("{FAE04EC0-301F-11D3-BF4B-00C04F79EFBC}") = "BookStore.DL", "BookStore.DL\BookStore.DL.csproj", "{812869BC-7FBD-43FC-8F19-254F4C0837EA}"
EndProject
Project("{FAE04EC0-301F-11D3-BF4B-00C04F79EFBC}") = "BookStore.Models", "BookStore.Models\BookStore.Models.csproj", "{D88C60E9-F6CB-46A9-BBE6-0E5043A5DE9D}"
EndProject
Global
	GlobalSection(SolutionConfigurationPlatforms) = preSolution
		Debug|Any CPU = Debug|Any CPU
		Release|Any CPU = Release|Any CPU
	EndGlobalSection
	GlobalSection(ProjectConfigurationPlatforms) = postSolution
		{7AE095FA-05D8-4862-AE31-A636DC9567D3}.Debug|Any CPU.ActiveCfg = Debug|Any CPU
		{7AE095FA-05D8-4862-AE31-A636DC9567D3}.Debug|Any CPU.Build.0 = Debug|Any CPU
		{7AE095FA-05D8-4862-AE31-A636DC9567D3}.Release|Any CPU.ActiveCfg = Release|Any CPU
		{7AE095FA-05D8-4862-AE31-A636DC9567D3}.Release|Any CPU.Build.0 = Release|Any CPU
		{9B2E41FB-3C6A-49D0-A09B-2C8EDE93C84B}.Debug|Any CPU.ActiveCfg = Debug|Any CPU
		{9B2E41FB-3C6A-49D0-A09B-2C8EDE93C84B}.Debug|Any CPU.Build.0 = Debug|Any CPU
		{9B2E41FB-3C6A-49D0-A09B-2C8EDE93C84B}.Release|Any CPU.ActiveCfg = Release|Any CPU
		{9B2E41FB-3C6A-49D0-A09B-2C8EDE93C84B}.Release|Any CPU.Build.0 = Release|Any CPU
		{812869BC-7FBD-43FC-8F19-254F4C0837EA}.Debug|Any CPU.ActiveCfg = Debug|Any CPU
		{812869BC-7FBD-43FC-8F19-254F4C0837EA}.Debug|Any CPU.Build.0 = Debug|Any CPU
		{812869BC-7FBD-43FC-8F19-254F4C0837EA}.Release|Any CPU.ActiveCfg = Release|Any CPU
		{812869BC-7FBD-43FC-8F19-254F4C0837EA}.Release|Any CPU.Build.0 = Release|Any CPU
		{D88C60E9-F6CB-46A9-BBE6-0E5043A5DE9D}.Debug|Any CPU.ActiveCfg = Debug|Any CPU
		{D88C60E9-F6CB-46A9-BBE6-0E5043A5DE9D}.Debug|Any CPU.Build.0 = Debug|Any CPU
		{D88C60E9-F6CB-46A9-BBE6-0E5043A5DE9D}.Release|Any CPU.ActiveCfg = Release|Any CPU
		{D88C60E9-F6CB-46A9-BBE6-0E5043A5DE9D}.Release|Any CPU.Build.0 = Release|Any CPU
	EndGlobalSection
	GlobalSection(SolutionProperties) = preSolution
		HideSolutionNode = FALSE
	EndGlobalSection
	GlobalSection(ExtensibilityGlobals) = postSolution
		SolutionGuid = {A59BA66D-F4FB-4FB8-BE84-0538911FD6E8}
	EndGlobalSection
EndGlobal
